<?xml version="1.0" encoding="utf-8"?>
<Project ToolsVersion="4.0" xmlns="http://schemas.microsoft.com/developer/msbuild/2003">
  <ItemGroup>
    <ClCompile Include="components\Component.cpp" />
    <ClCompile Include="Entity.cpp" />
    <ClCompile Include="main.cpp" />
    <ClCompile Include="Scene.cpp" />
    <ClCompile Include="components\Transform.cpp" />
    <ClCompile Include="Editor\ViewPort.cpp" />
    <ClCompile Include="core\vulkancore.cpp" />
    <ClCompile Include="imgui\misc\cpp\imgui_stdlib.cpp" />
    <ClCompile Include="imgui\imgui.cpp" />
    <ClCompile Include="imgui\imgui_demo.cpp" />
    <ClCompile Include="imgui\imgui_draw.cpp" />
    <ClCompile Include="imgui\imgui_impl_glfw.cpp" />
    <ClCompile Include="imgui\imgui_impl_vulkan.cpp" />
    <ClCompile Include="imgui\imgui_tables.cpp" />
    <ClCompile Include="imgui\imgui_widgets.cpp" />
    <ClCompile Include="Editor\EditorCamera.cpp" />
    <ClCompile Include="core\Vertices.cpp" />
    <ClCompile Include="core\utils\Utils.cpp" />
    <ClCompile Include="managers\MeshManager.cpp" />
    <ClCompile Include="components\MeshComponent.cpp" />
    <ClCompile Include="managers\SceneManager.cpp" />
    <ClCompile Include="ui\SceneUi.cpp" />
    <ClCompile Include="SceneRenderer.cpp" />
    <ClCompile Include="managers\TextureManager.cpp" />
    <ClCompile Include="managers\MaterialManager.cpp" />
    <ClCompile Include="Editor\MousePick.cpp" />
    <ClCompile Include="postprocess\outline.cpp" />
  </ItemGroup>
  <ItemGroup>
    <ClInclude Include="components\Component.h" />
    <ClInclude Include="Entity.h" />
    <ClInclude Include="Scene.h" />
    <ClInclude Include="components\Transform.h" />
    <ClInclude Include="Editor\ViewPort.h" />
    <ClInclude Include="core\vulkancore.h" />
    <ClInclude Include="imgui\misc\cpp\imgui_stdlib.h" />
    <ClInclude Include="imgui\imconfig.h" />
    <ClInclude Include="imgui\imgui.h" />
    <ClInclude Include="imgui\imgui_impl_glfw.h" />
    <ClInclude Include="imgui\imgui_impl_vulkan.h" />
    <ClInclude Include="imgui\imgui_internal.h" />
    <ClInclude Include="imgui\imstb_rectpack.h" />
    <ClInclude Include="imgui\imstb_textedit.h" />
    <ClInclude Include="imgui\imstb_truetype.h" />
    <ClInclude Include="Editor\EditorCamera.h" />
    <ClInclude Include="core\Vertices.h" />
    <ClInclude Include="core\utils\Utils.h" />
    <ClInclude Include="managers\MeshManager.h" />
    <ClInclude Include="components\MeshComponent.h" />
    <ClInclude Include="managers\SceneManager.h" />
    <ClInclude Include="ui\SceneUi.h" />
    <ClInclude Include="SceneRenderer.h" />
    <ClInclude Include="managers\TextureManager.h" />
    <ClInclude Include="managers\MaterialManager.h" />
    <ClInclude Include="Editor\MousePick.h" />
    <ClInclude Include="postprocess\outline.h" />
  </ItemGroup>
  <ItemGroup>
    <Filter Include="source">
      <UniqueIdentifier>{90de9a81-7caa-4bbe-8101-8fd1b7f27683}</UniqueIdentifier>
    </Filter>
  </ItemGroup>
  <ItemGroup>
    <None Include="imgui.ini" />
    <None Include="shaders\vert.spv" />
    <None Include="shaders\shader.vert" />
    <None Include="shaders\shader.frag" />
    <None Include="shaders\frag.spv" />
    <None Include="shaders\compile.bat" />
    <None Include="shaders\postprocess_edge.frag" />
    <None Include="shaders\postprocess_edge.vert" />
  </ItemGroup>
  <ItemGroup>
    <Image Include="textures\texture.jpg" />
    <Image Include="textures\viking_room.png" />
  </ItemGroup>
</Project>